// !$*UTF8*$!
{
	archiveVersion = 1;
	classes = {
	};
	objectVersion = 50;
	objects = {

/* Begin PBXBuildFile section */
		1D07886C2746B06500F5E29E /* MapViewController.swift in Sources */ = {isa = PBXBuildFile; fileRef = 1D07886B2746B06500F5E29E /* MapViewController.swift */; };
		322FD8F42741DD36004B9CAE /* ActivitesData.xcdatamodeld in Sources */ = {isa = PBXBuildFile; fileRef = 322FD8F22741DD35004B9CAE /* ActivitesData.xcdatamodeld */; };
		322FD8F62741DE58004B9CAE /* PersistenceController.swift in Sources */ = {isa = PBXBuildFile; fileRef = 322FD8F52741DE58004B9CAE /* PersistenceController.swift */; };
		324D1BC2271873A400517B99 /* AppDelegate.swift in Sources */ = {isa = PBXBuildFile; fileRef = 324D1BC1271873A400517B99 /* AppDelegate.swift */; };
		324D1BC4271873A400517B99 /* SceneDelegate.swift in Sources */ = {isa = PBXBuildFile; fileRef = 324D1BC3271873A400517B99 /* SceneDelegate.swift */; };
		324D1BC6271873A400517B99 /* ViewController.swift in Sources */ = {isa = PBXBuildFile; fileRef = 324D1BC5271873A400517B99 /* ViewController.swift */; };
		324D1BC9271873A400517B99 /* Main.storyboard in Resources */ = {isa = PBXBuildFile; fileRef = 324D1BC7271873A400517B99 /* Main.storyboard */; };
		324D1BCB2718742900517B99 /* Assets.xcassets in Resources */ = {isa = PBXBuildFile; fileRef = 324D1BCA2718742900517B99 /* Assets.xcassets */; };
		324D1BCE2718742900517B99 /* LaunchScreen.storyboard in Resources */ = {isa = PBXBuildFile; fileRef = 324D1BCC2718742900517B99 /* LaunchScreen.storyboard */; };
		324D1BD92718742B00517B99 /* Trip_PlannerTests.swift in Sources */ = {isa = PBXBuildFile; fileRef = 324D1BD82718742B00517B99 /* Trip_PlannerTests.swift */; };
		324D1BE42718742B00517B99 /* Trip_PlannerUITests.swift in Sources */ = {isa = PBXBuildFile; fileRef = 324D1BE32718742B00517B99 /* Trip_PlannerUITests.swift */; };
		324D1BF22718D65100517B99 /* Burlington-Vermont.jpg in Resources */ = {isa = PBXBuildFile; fileRef = 324D1BF12718D65100517B99 /* Burlington-Vermont.jpg */; };
		324D1BF4271B2E8800517B99 /* Boston.jpg in Resources */ = {isa = PBXBuildFile; fileRef = 324D1BF3271B2E8800517B99 /* Boston.jpg */; };
		324D1BF6271B2FF200517B99 /* Chicago.jpg in Resources */ = {isa = PBXBuildFile; fileRef = 324D1BF5271B2FF200517B99 /* Chicago.jpg */; };
		324D1BF8271B3D7C00517B99 /* New-York-City.jpg in Resources */ = {isa = PBXBuildFile; fileRef = 324D1BF7271B3D7C00517B99 /* New-York-City.jpg */; };
		324D1BFA271B3D8700517B99 /* Orlando.jpg in Resources */ = {isa = PBXBuildFile; fileRef = 324D1BF9271B3D8700517B99 /* Orlando.jpg */; };
		325D4F5B272F206F00146788 /* ActivityRow.swift in Sources */ = {isa = PBXBuildFile; fileRef = 325D4F5A272F206F00146788 /* ActivityRow.swift */; };
		325D4F5D272F276E00146788 /* Activity.swift in Sources */ = {isa = PBXBuildFile; fileRef = 325D4F5C272F276E00146788 /* Activity.swift */; };
		325D4F5F272F292600146788 /* ModelActivities.swift in Sources */ = {isa = PBXBuildFile; fileRef = 325D4F5E272F292600146788 /* ModelActivities.swift */; };
		325D4F66272F35D600146788 /* ActivityList.swift in Sources */ = {isa = PBXBuildFile; fileRef = 325D4F65272F35D600146788 /* ActivityList.swift */; };
		325D4F68272F372600146788 /* ActivityDetail.swift in Sources */ = {isa = PBXBuildFile; fileRef = 325D4F67272F372600146788 /* ActivityDetail.swift */; };
		325D4F6A272F379500146788 /* BurlingtonView.swift in Sources */ = {isa = PBXBuildFile; fileRef = 325D4F69272F379500146788 /* BurlingtonView.swift */; };
		325D4F7327320FEC00146788 /* BurlingtonActivities.json in Resources */ = {isa = PBXBuildFile; fileRef = 325D4F7227320FEC00146788 /* BurlingtonActivities.json */; };
		5220EB0C27208EE100E8350A /* ScheduleViewController.swift in Sources */ = {isa = PBXBuildFile; fileRef = 5220EB0B27208EE100E8350A /* ScheduleViewController.swift */; };
		5220EB0E27208F3B00E8350A /* ScheduleElement.swift in Sources */ = {isa = PBXBuildFile; fileRef = 5220EB0D27208F3B00E8350A /* ScheduleElement.swift */; };
		5220EB102720930B00E8350A /* Schedule.swift in Sources */ = {isa = PBXBuildFile; fileRef = 5220EB0F2720930B00E8350A /* Schedule.swift */; };
/* End PBXBuildFile section */

/* Begin PBXContainerItemProxy section */
		324D1BD52718742B00517B99 /* PBXContainerItemProxy */ = {
			isa = PBXContainerItemProxy;
			containerPortal = 324D1BB6271873A200517B99 /* Project object */;
			proxyType = 1;
			remoteGlobalIDString = 324D1BBD271873A300517B99;
			remoteInfo = "Trip Planner";
		};
		324D1BE02718742B00517B99 /* PBXContainerItemProxy */ = {
			isa = PBXContainerItemProxy;
			containerPortal = 324D1BB6271873A200517B99 /* Project object */;
			proxyType = 1;
			remoteGlobalIDString = 324D1BBD271873A300517B99;
			remoteInfo = "Trip Planner";
		};
/* End PBXContainerItemProxy section */

/* Begin PBXFileReference section */
		1D07886B2746B06500F5E29E /* MapViewController.swift */ = {isa = PBXFileReference; lastKnownFileType = sourcecode.swift; name = MapViewController.swift; path = BurlingtonViews/MapViewController.swift; sourceTree = "<group>"; };
		322FD8F32741DD36004B9CAE /* ActivitesData.xcdatamodel */ = {isa = PBXFileReference; lastKnownFileType = wrapper.xcdatamodel; path = ActivitesData.xcdatamodel; sourceTree = "<group>"; };
		322FD8F52741DE58004B9CAE /* PersistenceController.swift */ = {isa = PBXFileReference; lastKnownFileType = sourcecode.swift; path = PersistenceController.swift; sourceTree = "<group>"; };
		324D1BBE271873A300517B99 /* Trip Planner.app */ = {isa = PBXFileReference; explicitFileType = wrapper.application; includeInIndex = 0; path = "Trip Planner.app"; sourceTree = BUILT_PRODUCTS_DIR; };
		324D1BC1271873A400517B99 /* AppDelegate.swift */ = {isa = PBXFileReference; lastKnownFileType = sourcecode.swift; path = AppDelegate.swift; sourceTree = "<group>"; };
		324D1BC3271873A400517B99 /* SceneDelegate.swift */ = {isa = PBXFileReference; lastKnownFileType = sourcecode.swift; path = SceneDelegate.swift; sourceTree = "<group>"; };
		324D1BC5271873A400517B99 /* ViewController.swift */ = {isa = PBXFileReference; lastKnownFileType = sourcecode.swift; path = ViewController.swift; sourceTree = "<group>"; };
		324D1BC8271873A400517B99 /* Base */ = {isa = PBXFileReference; lastKnownFileType = file.storyboard; name = Base; path = Base.lproj/Main.storyboard; sourceTree = "<group>"; };
		324D1BCA2718742900517B99 /* Assets.xcassets */ = {isa = PBXFileReference; lastKnownFileType = folder.assetcatalog; path = Assets.xcassets; sourceTree = "<group>"; };
		324D1BCD2718742900517B99 /* Base */ = {isa = PBXFileReference; lastKnownFileType = file.storyboard; name = Base; path = Base.lproj/LaunchScreen.storyboard; sourceTree = "<group>"; };
		324D1BCF2718742900517B99 /* Info.plist */ = {isa = PBXFileReference; lastKnownFileType = text.plist.xml; path = Info.plist; sourceTree = "<group>"; };
		324D1BD42718742B00517B99 /* Trip PlannerTests.xctest */ = {isa = PBXFileReference; explicitFileType = wrapper.cfbundle; includeInIndex = 0; path = "Trip PlannerTests.xctest"; sourceTree = BUILT_PRODUCTS_DIR; };
		324D1BD82718742B00517B99 /* Trip_PlannerTests.swift */ = {isa = PBXFileReference; lastKnownFileType = sourcecode.swift; path = Trip_PlannerTests.swift; sourceTree = "<group>"; };
		324D1BDA2718742B00517B99 /* Info.plist */ = {isa = PBXFileReference; lastKnownFileType = text.plist.xml; path = Info.plist; sourceTree = "<group>"; };
		324D1BDF2718742B00517B99 /* Trip PlannerUITests.xctest */ = {isa = PBXFileReference; explicitFileType = wrapper.cfbundle; includeInIndex = 0; path = "Trip PlannerUITests.xctest"; sourceTree = BUILT_PRODUCTS_DIR; };
		324D1BE32718742B00517B99 /* Trip_PlannerUITests.swift */ = {isa = PBXFileReference; lastKnownFileType = sourcecode.swift; path = Trip_PlannerUITests.swift; sourceTree = "<group>"; };
		324D1BE52718742B00517B99 /* Info.plist */ = {isa = PBXFileReference; lastKnownFileType = text.plist.xml; path = Info.plist; sourceTree = "<group>"; };
		324D1BF12718D65100517B99 /* Burlington-Vermont.jpg */ = {isa = PBXFileReference; lastKnownFileType = image.jpeg; path = "Burlington-Vermont.jpg"; sourceTree = "<group>"; };
		324D1BF3271B2E8800517B99 /* Boston.jpg */ = {isa = PBXFileReference; lastKnownFileType = image.jpeg; path = Boston.jpg; sourceTree = "<group>"; };
		324D1BF5271B2FF200517B99 /* Chicago.jpg */ = {isa = PBXFileReference; lastKnownFileType = image.jpeg; path = Chicago.jpg; sourceTree = "<group>"; };
		324D1BF7271B3D7C00517B99 /* New-York-City.jpg */ = {isa = PBXFileReference; lastKnownFileType = image.jpeg; path = "New-York-City.jpg"; sourceTree = "<group>"; };
		324D1BF9271B3D8700517B99 /* Orlando.jpg */ = {isa = PBXFileReference; lastKnownFileType = image.jpeg; path = Orlando.jpg; sourceTree = "<group>"; };
		325D4F5A272F206F00146788 /* ActivityRow.swift */ = {isa = PBXFileReference; lastKnownFileType = sourcecode.swift; path = ActivityRow.swift; sourceTree = "<group>"; };
		325D4F5C272F276E00146788 /* Activity.swift */ = {isa = PBXFileReference; lastKnownFileType = sourcecode.swift; path = Activity.swift; sourceTree = "<group>"; };
		325D4F5E272F292600146788 /* ModelActivities.swift */ = {isa = PBXFileReference; lastKnownFileType = sourcecode.swift; path = ModelActivities.swift; sourceTree = "<group>"; };
		325D4F65272F35D600146788 /* ActivityList.swift */ = {isa = PBXFileReference; lastKnownFileType = sourcecode.swift; path = ActivityList.swift; sourceTree = "<group>"; };
		325D4F67272F372600146788 /* ActivityDetail.swift */ = {isa = PBXFileReference; lastKnownFileType = sourcecode.swift; path = ActivityDetail.swift; sourceTree = "<group>"; };
		325D4F69272F379500146788 /* BurlingtonView.swift */ = {isa = PBXFileReference; lastKnownFileType = sourcecode.swift; path = BurlingtonView.swift; sourceTree = "<group>"; };
		325D4F7227320FEC00146788 /* BurlingtonActivities.json */ = {isa = PBXFileReference; lastKnownFileType = text.json; path = BurlingtonActivities.json; sourceTree = "<group>"; };
		5220EB0B27208EE100E8350A /* ScheduleViewController.swift */ = {isa = PBXFileReference; lastKnownFileType = sourcecode.swift; path = ScheduleViewController.swift; sourceTree = "<group>"; };
		5220EB0D27208F3B00E8350A /* ScheduleElement.swift */ = {isa = PBXFileReference; lastKnownFileType = sourcecode.swift; path = ScheduleElement.swift; sourceTree = "<group>"; };
		5220EB0F2720930B00E8350A /* Schedule.swift */ = {isa = PBXFileReference; lastKnownFileType = sourcecode.swift; path = Schedule.swift; sourceTree = "<group>"; };
/* End PBXFileReference section */

/* Begin PBXFrameworksBuildPhase section */
		324D1BBB271873A300517B99 /* Frameworks */ = {
			isa = PBXFrameworksBuildPhase;
			buildActionMask = 2147483647;
			files = (
			);
			runOnlyForDeploymentPostprocessing = 0;
		};
		324D1BD12718742B00517B99 /* Frameworks */ = {
			isa = PBXFrameworksBuildPhase;
			buildActionMask = 2147483647;
			files = (
			);
			runOnlyForDeploymentPostprocessing = 0;
		};
		324D1BDC2718742B00517B99 /* Frameworks */ = {
			isa = PBXFrameworksBuildPhase;
			buildActionMask = 2147483647;
			files = (
			);
			runOnlyForDeploymentPostprocessing = 0;
		};
/* End PBXFrameworksBuildPhase section */

/* Begin PBXGroup section */
		324D1BB5271873A200517B99 = {
			isa = PBXGroup;
			children = (
				324D1BC0271873A300517B99 /* Trip Planner */,
				324D1BD72718742B00517B99 /* Trip PlannerTests */,
				324D1BE22718742B00517B99 /* Trip PlannerUITests */,
				324D1BBF271873A300517B99 /* Products */,
			);
			sourceTree = "<group>";
		};
		324D1BBF271873A300517B99 /* Products */ = {
			isa = PBXGroup;
			children = (
				324D1BBE271873A300517B99 /* Trip Planner.app */,
				324D1BD42718742B00517B99 /* Trip PlannerTests.xctest */,
				324D1BDF2718742B00517B99 /* Trip PlannerUITests.xctest */,
			);
			name = Products;
			sourceTree = "<group>";
		};
		324D1BC0271873A300517B99 /* Trip Planner */ = {
			isa = PBXGroup;
			children = (
				325D4F64272F357F00146788 /* BurlingtonViews */,
				324D1BC1271873A400517B99 /* AppDelegate.swift */,
				322FD8F22741DD35004B9CAE /* ActivitesData.xcdatamodeld */,
				1D07886B2746B06500F5E29E /* MapViewController.swift */,
				324D1BC3271873A400517B99 /* SceneDelegate.swift */,
				324D1BC5271873A400517B99 /* ViewController.swift */,
				324D1BC7271873A400517B99 /* Main.storyboard */,
				5220EB0B27208EE100E8350A /* ScheduleViewController.swift */,
				5220EB0D27208F3B00E8350A /* ScheduleElement.swift */,
				5220EB0F2720930B00E8350A /* Schedule.swift */,
				324D1BCA2718742900517B99 /* Assets.xcassets */,
				324D1BF9271B3D8700517B99 /* Orlando.jpg */,
				324D1BF7271B3D7C00517B99 /* New-York-City.jpg */,
				324D1BF5271B2FF200517B99 /* Chicago.jpg */,
				324D1BF3271B2E8800517B99 /* Boston.jpg */,
				324D1BF12718D65100517B99 /* Burlington-Vermont.jpg */,
				324D1BCC2718742900517B99 /* LaunchScreen.storyboard */,
				324D1BCF2718742900517B99 /* Info.plist */,
				322FD8F52741DE58004B9CAE /* PersistenceController.swift */,
			);
			path = "Trip Planner";
			sourceTree = "<group>";
		};
		324D1BD72718742B00517B99 /* Trip PlannerTests */ = {
			isa = PBXGroup;
			children = (
				324D1BD82718742B00517B99 /* Trip_PlannerTests.swift */,
				324D1BDA2718742B00517B99 /* Info.plist */,
			);
			path = "Trip PlannerTests";
			sourceTree = "<group>";
		};
		324D1BE22718742B00517B99 /* Trip PlannerUITests */ = {
			isa = PBXGroup;
			children = (
				324D1BE32718742B00517B99 /* Trip_PlannerUITests.swift */,
				324D1BE52718742B00517B99 /* Info.plist */,
			);
			path = "Trip PlannerUITests";
			sourceTree = "<group>";
		};
		325D4F64272F357F00146788 /* BurlingtonViews */ = {
			isa = PBXGroup;
			children = (
				325D4F5A272F206F00146788 /* ActivityRow.swift */,
				325D4F5E272F292600146788 /* ModelActivities.swift */,
				325D4F5C272F276E00146788 /* Activity.swift */,
				325D4F65272F35D600146788 /* ActivityList.swift */,
				325D4F67272F372600146788 /* ActivityDetail.swift */,
				325D4F69272F379500146788 /* BurlingtonView.swift */,
				325D4F7227320FEC00146788 /* BurlingtonActivities.json */,
			);
			path = BurlingtonViews;
			sourceTree = "<group>";
		};
/* End PBXGroup section */

/* Begin PBXNativeTarget section */
		324D1BBD271873A300517B99 /* Trip Planner */ = {
			isa = PBXNativeTarget;
			buildConfigurationList = 324D1BE82718742B00517B99 /* Build configuration list for PBXNativeTarget "Trip Planner" */;
			buildPhases = (
				324D1BBA271873A300517B99 /* Sources */,
				324D1BBB271873A300517B99 /* Frameworks */,
				324D1BBC271873A300517B99 /* Resources */,
			);
			buildRules = (
			);
			dependencies = (
			);
			name = "Trip Planner";
			productName = "Trip Planner";
			productReference = 324D1BBE271873A300517B99 /* Trip Planner.app */;
			productType = "com.apple.product-type.application";
		};
		324D1BD32718742B00517B99 /* Trip PlannerTests */ = {
			isa = PBXNativeTarget;
			buildConfigurationList = 324D1BEB2718742B00517B99 /* Build configuration list for PBXNativeTarget "Trip PlannerTests" */;
			buildPhases = (
				324D1BD02718742B00517B99 /* Sources */,
				324D1BD12718742B00517B99 /* Frameworks */,
				324D1BD22718742B00517B99 /* Resources */,
			);
			buildRules = (
			);
			dependencies = (
				324D1BD62718742B00517B99 /* PBXTargetDependency */,
			);
			name = "Trip PlannerTests";
			productName = "Trip PlannerTests";
			productReference = 324D1BD42718742B00517B99 /* Trip PlannerTests.xctest */;
			productType = "com.apple.product-type.bundle.unit-test";
		};
		324D1BDE2718742B00517B99 /* Trip PlannerUITests */ = {
			isa = PBXNativeTarget;
			buildConfigurationList = 324D1BEE2718742B00517B99 /* Build configuration list for PBXNativeTarget "Trip PlannerUITests" */;
			buildPhases = (
				324D1BDB2718742B00517B99 /* Sources */,
				324D1BDC2718742B00517B99 /* Frameworks */,
				324D1BDD2718742B00517B99 /* Resources */,
			);
			buildRules = (
			);
			dependencies = (
				324D1BE12718742B00517B99 /* PBXTargetDependency */,
			);
			name = "Trip PlannerUITests";
			productName = "Trip PlannerUITests";
			productReference = 324D1BDF2718742B00517B99 /* Trip PlannerUITests.xctest */;
			productType = "com.apple.product-type.bundle.ui-testing";
		};
/* End PBXNativeTarget section */

/* Begin PBXProject section */
		324D1BB6271873A200517B99 /* Project object */ = {
			isa = PBXProject;
			attributes = {
				LastSwiftUpdateCheck = 1130;
				LastUpgradeCheck = 1130;
				ORGANIZATIONNAME = mwehrle;
				TargetAttributes = {
					324D1BBD271873A300517B99 = {
						CreatedOnToolsVersion = 11.3;
					};
					324D1BD32718742B00517B99 = {
						CreatedOnToolsVersion = 11.3;
						TestTargetID = 324D1BBD271873A300517B99;
					};
					324D1BDE2718742B00517B99 = {
						CreatedOnToolsVersion = 11.3;
						TestTargetID = 324D1BBD271873A300517B99;
					};
				};
			};
			buildConfigurationList = 324D1BB9271873A300517B99 /* Build configuration list for PBXProject "Trip Planner" */;
			compatibilityVersion = "Xcode 9.3";
			developmentRegion = en;
			hasScannedForEncodings = 0;
			knownRegions = (
				en,
				Base,
			);
			mainGroup = 324D1BB5271873A200517B99;
			productRefGroup = 324D1BBF271873A300517B99 /* Products */;
			projectDirPath = "";
			projectRoot = "";
			targets = (
				324D1BBD271873A300517B99 /* Trip Planner */,
				324D1BD32718742B00517B99 /* Trip PlannerTests */,
				324D1BDE2718742B00517B99 /* Trip PlannerUITests */,
			);
		};
/* End PBXProject section */

/* Begin PBXResourcesBuildPhase section */
		324D1BBC271873A300517B99 /* Resources */ = {
			isa = PBXResourcesBuildPhase;
			buildActionMask = 2147483647;
			files = (
				324D1BCE2718742900517B99 /* LaunchScreen.storyboard in Resources */,
				324D1BFA271B3D8700517B99 /* Orlando.jpg in Resources */,
				324D1BF8271B3D7C00517B99 /* New-York-City.jpg in Resources */,
				325D4F7327320FEC00146788 /* BurlingtonActivities.json in Resources */,
				324D1BF22718D65100517B99 /* Burlington-Vermont.jpg in Resources */,
				324D1BCB2718742900517B99 /* Assets.xcassets in Resources */,
				324D1BF4271B2E8800517B99 /* Boston.jpg in Resources */,
				324D1BF6271B2FF200517B99 /* Chicago.jpg in Resources */,
				324D1BC9271873A400517B99 /* Main.storyboard in Resources */,
			);
			runOnlyForDeploymentPostprocessing = 0;
		};
		324D1BD22718742B00517B99 /* Resources */ = {
			isa = PBXResourcesBuildPhase;
			buildActionMask = 2147483647;
			files = (
			);
			runOnlyForDeploymentPostprocessing = 0;
		};
		324D1BDD2718742B00517B99 /* Resources */ = {
			isa = PBXResourcesBuildPhase;
			buildActionMask = 2147483647;
			files = (
			);
			runOnlyForDeploymentPostprocessing = 0;
		};
/* End PBXResourcesBuildPhase section */

/* Begin PBXSourcesBuildPhase section */
		324D1BBA271873A300517B99 /* Sources */ = {
			isa = PBXSourcesBuildPhase;
			buildActionMask = 2147483647;
			files = (
				322FD8F42741DD36004B9CAE /* ActivitesData.xcdatamodeld in Sources */,
				322FD8F62741DE58004B9CAE /* PersistenceController.swift in Sources */,
				325D4F66272F35D600146788 /* ActivityList.swift in Sources */,
				5220EB102720930B00E8350A /* Schedule.swift in Sources */,
				324D1BC6271873A400517B99 /* ViewController.swift in Sources */,
				325D4F5B272F206F00146788 /* ActivityRow.swift in Sources */,
				324D1BC2271873A400517B99 /* AppDelegate.swift in Sources */,
				324D1BC4271873A400517B99 /* SceneDelegate.swift in Sources */,
				325D4F68272F372600146788 /* ActivityDetail.swift in Sources */,
				5220EB0C27208EE100E8350A /* ScheduleViewController.swift in Sources */,
				325D4F5F272F292600146788 /* ModelActivities.swift in Sources */,
				325D4F5D272F276E00146788 /* Activity.swift in Sources */,
				325D4F6A272F379500146788 /* BurlingtonView.swift in Sources */,
				1D07886C2746B06500F5E29E /* MapViewController.swift in Sources */,
				5220EB0E27208F3B00E8350A /* ScheduleElement.swift in Sources */,
			);
			runOnlyForDeploymentPostprocessing = 0;
		};
		324D1BD02718742B00517B99 /* Sources */ = {
			isa = PBXSourcesBuildPhase;
			buildActionMask = 2147483647;
			files = (
				324D1BD92718742B00517B99 /* Trip_PlannerTests.swift in Sources */,
			);
			runOnlyForDeploymentPostprocessing = 0;
		};
		324D1BDB2718742B00517B99 /* Sources */ = {
			isa = PBXSourcesBuildPhase;
			buildActionMask = 2147483647;
			files = (
				324D1BE42718742B00517B99 /* Trip_PlannerUITests.swift in Sources */,
			);
			runOnlyForDeploymentPostprocessing = 0;
		};
/* End PBXSourcesBuildPhase section */

/* Begin PBXTargetDependency section */
		324D1BD62718742B00517B99 /* PBXTargetDependency */ = {
			isa = PBXTargetDependency;
			target = 324D1BBD271873A300517B99 /* Trip Planner */;
			targetProxy = 324D1BD52718742B00517B99 /* PBXContainerItemProxy */;
		};
		324D1BE12718742B00517B99 /* PBXTargetDependency */ = {
			isa = PBXTargetDependency;
			target = 324D1BBD271873A300517B99 /* Trip Planner */;
			targetProxy = 324D1BE02718742B00517B99 /* PBXContainerItemProxy */;
		};
/* End PBXTargetDependency section */

/* Begin PBXVariantGroup section */
		324D1BC7271873A400517B99 /* Main.storyboard */ = {
			isa = PBXVariantGroup;
			children = (
				324D1BC8271873A400517B99 /* Base */,
			);
			name = Main.storyboard;
			sourceTree = "<group>";
		};
		324D1BCC2718742900517B99 /* LaunchScreen.storyboard */ = {
			isa = PBXVariantGroup;
			children = (
				324D1BCD2718742900517B99 /* Base */,
			);
			name = LaunchScreen.storyboard;
			sourceTree = "<group>";
		};
/* End PBXVariantGroup section */

/* Begin XCBuildConfiguration section */
		324D1BE62718742B00517B99 /* Debug */ = {
			isa = XCBuildConfiguration;
			buildSettings = {
				ALWAYS_SEARCH_USER_PATHS = NO;
				CLANG_ANALYZER_NONNULL = YES;
				CLANG_ANALYZER_NUMBER_OBJECT_CONVERSION = YES_AGGRESSIVE;
				CLANG_CXX_LANGUAGE_STANDARD = "gnu++14";
				CLANG_CXX_LIBRARY = "libc++";
				CLANG_ENABLE_MODULES = YES;
				CLANG_ENABLE_OBJC_ARC = YES;
				CLANG_ENABLE_OBJC_WEAK = YES;
				CLANG_WARN_BLOCK_CAPTURE_AUTORELEASING = YES;
				CLANG_WARN_BOOL_CONVERSION = YES;
				CLANG_WARN_COMMA = YES;
				CLANG_WARN_CONSTANT_CONVERSION = YES;
				CLANG_WARN_DEPRECATED_OBJC_IMPLEMENTATIONS = YES;
				CLANG_WARN_DIRECT_OBJC_ISA_USAGE = YES_ERROR;
				CLANG_WARN_DOCUMENTATION_COMMENTS = YES;
				CLANG_WARN_EMPTY_BODY = YES;
				CLANG_WARN_ENUM_CONVERSION = YES;
				CLANG_WARN_INFINITE_RECURSION = YES;
				CLANG_WARN_INT_CONVERSION = YES;
				CLANG_WARN_NON_LITERAL_NULL_CONVERSION = YES;
				CLANG_WARN_OBJC_IMPLICIT_RETAIN_SELF = YES;
				CLANG_WARN_OBJC_LITERAL_CONVERSION = YES;
				CLANG_WARN_OBJC_ROOT_CLASS = YES_ERROR;
				CLANG_WARN_RANGE_LOOP_ANALYSIS = YES;
				CLANG_WARN_STRICT_PROTOTYPES = YES;
				CLANG_WARN_SUSPICIOUS_MOVE = YES;
				CLANG_WARN_UNGUARDED_AVAILABILITY = YES_AGGRESSIVE;
				CLANG_WARN_UNREACHABLE_CODE = YES;
				CLANG_WARN__DUPLICATE_METHOD_MATCH = YES;
				COPY_PHASE_STRIP = NO;
				DEBUG_INFORMATION_FORMAT = dwarf;
				ENABLE_STRICT_OBJC_MSGSEND = YES;
				ENABLE_TESTABILITY = YES;
				GCC_C_LANGUAGE_STANDARD = gnu11;
				GCC_DYNAMIC_NO_PIC = NO;
				GCC_NO_COMMON_BLOCKS = YES;
				GCC_OPTIMIZATION_LEVEL = 0;
				GCC_PREPROCESSOR_DEFINITIONS = (
					"DEBUG=1",
					"$(inherited)",
				);
				GCC_WARN_64_TO_32_BIT_CONVERSION = YES;
				GCC_WARN_ABOUT_RETURN_TYPE = YES_ERROR;
				GCC_WARN_UNDECLARED_SELECTOR = YES;
				GCC_WARN_UNINITIALIZED_AUTOS = YES_AGGRESSIVE;
				GCC_WARN_UNUSED_FUNCTION = YES;
				GCC_WARN_UNUSED_VARIABLE = YES;
				IPHONEOS_DEPLOYMENT_TARGET = 13.2;
				MTL_ENABLE_DEBUG_INFO = INCLUDE_SOURCE;
				MTL_FAST_MATH = YES;
				ONLY_ACTIVE_ARCH = YES;
				SDKROOT = iphoneos;
				SWIFT_ACTIVE_COMPILATION_CONDITIONS = DEBUG;
				SWIFT_OPTIMIZATION_LEVEL = "-Onone";
			};
			name = Debug;
		};
		324D1BE72718742B00517B99 /* Release */ = {
			isa = XCBuildConfiguration;
			buildSettings = {
				ALWAYS_SEARCH_USER_PATHS = NO;
				CLANG_ANALYZER_NONNULL = YES;
				CLANG_ANALYZER_NUMBER_OBJECT_CONVERSION = YES_AGGRESSIVE;
				CLANG_CXX_LANGUAGE_STANDARD = "gnu++14";
				CLANG_CXX_LIBRARY = "libc++";
				CLANG_ENABLE_MODULES = YES;
				CLANG_ENABLE_OBJC_ARC = YES;
				CLANG_ENABLE_OBJC_WEAK = YES;
				CLANG_WARN_BLOCK_CAPTURE_AUTORELEASING = YES;
				CLANG_WARN_BOOL_CONVERSION = YES;
				CLANG_WARN_COMMA = YES;
				CLANG_WARN_CONSTANT_CONVERSION = YES;
				CLANG_WARN_DEPRECATED_OBJC_IMPLEMENTATIONS = YES;
				CLANG_WARN_DIRECT_OBJC_ISA_USAGE = YES_ERROR;
				CLANG_WARN_DOCUMENTATION_COMMENTS = YES;
				CLANG_WARN_EMPTY_BODY = YES;
				CLANG_WARN_ENUM_CONVERSION = YES;
				CLANG_WARN_INFINITE_RECURSION = YES;
				CLANG_WARN_INT_CONVERSION = YES;
				CLANG_WARN_NON_LITERAL_NULL_CONVERSION = YES;
				CLANG_WARN_OBJC_IMPLICIT_RETAIN_SELF = YES;
				CLANG_WARN_OBJC_LITERAL_CONVERSION = YES;
				CLANG_WARN_OBJC_ROOT_CLASS = YES_ERROR;
				CLANG_WARN_RANGE_LOOP_ANALYSIS = YES;
				CLANG_WARN_STRICT_PROTOTYPES = YES;
				CLANG_WARN_SUSPICIOUS_MOVE = YES;
				CLANG_WARN_UNGUARDED_AVAILABILITY = YES_AGGRESSIVE;
				CLANG_WARN_UNREACHABLE_CODE = YES;
				CLANG_WARN__DUPLICATE_METHOD_MATCH = YES;
				COPY_PHASE_STRIP = NO;
				DEBUG_INFORMATION_FORMAT = "dwarf-with-dsym";
				ENABLE_NS_ASSERTIONS = NO;
				ENABLE_STRICT_OBJC_MSGSEND = YES;
				GCC_C_LANGUAGE_STANDARD = gnu11;
				GCC_NO_COMMON_BLOCKS = YES;
				GCC_WARN_64_TO_32_BIT_CONVERSION = YES;
				GCC_WARN_ABOUT_RETURN_TYPE = YES_ERROR;
				GCC_WARN_UNDECLARED_SELECTOR = YES;
				GCC_WARN_UNINITIALIZED_AUTOS = YES_AGGRESSIVE;
				GCC_WARN_UNUSED_FUNCTION = YES;
				GCC_WARN_UNUSED_VARIABLE = YES;
				IPHONEOS_DEPLOYMENT_TARGET = 13.2;
				MTL_ENABLE_DEBUG_INFO = NO;
				MTL_FAST_MATH = YES;
				SDKROOT = iphoneos;
				SWIFT_COMPILATION_MODE = wholemodule;
				SWIFT_OPTIMIZATION_LEVEL = "-O";
				VALIDATE_PRODUCT = YES;
			};
			name = Release;
		};
		324D1BE92718742B00517B99 /* Debug */ = {
			isa = XCBuildConfiguration;
			buildSettings = {
				ASSETCATALOG_COMPILER_APPICON_NAME = AppIcon;
				CODE_SIGN_STYLE = Automatic;
				INFOPLIST_FILE = "Trip Planner/Info.plist";
				LD_RUNPATH_SEARCH_PATHS = (
					"$(inherited)",
					"@executable_path/Frameworks",
				);
				PRODUCT_BUNDLE_IDENTIFIER = "com.example.mwehrle.Trip-Planner";
				PRODUCT_NAME = "$(TARGET_NAME)";
				SWIFT_VERSION = 5.0;
				TARGETED_DEVICE_FAMILY = "1,2";
			};
			name = Debug;
		};
		324D1BEA2718742B00517B99 /* Release */ = {
			isa = XCBuildConfiguration;
			buildSettings = {
				ASSETCATALOG_COMPILER_APPICON_NAME = AppIcon;
				CODE_SIGN_STYLE = Automatic;
				INFOPLIST_FILE = "Trip Planner/Info.plist";
				LD_RUNPATH_SEARCH_PATHS = (
					"$(inherited)",
					"@executable_path/Frameworks",
				);
				PRODUCT_BUNDLE_IDENTIFIER = "com.example.mwehrle.Trip-Planner";
				PRODUCT_NAME = "$(TARGET_NAME)";
				SWIFT_VERSION = 5.0;
				TARGETED_DEVICE_FAMILY = "1,2";
			};
			name = Release;
		};
		324D1BEC2718742B00517B99 /* Debug */ = {
			isa = XCBuildConfiguration;
			buildSettings = {
				ALWAYS_EMBED_SWIFT_STANDARD_LIBRARIES = YES;
				BUNDLE_LOADER = "$(TEST_HOST)";
				CODE_SIGN_STYLE = Automatic;
				INFOPLIST_FILE = "Trip PlannerTests/Info.plist";
				IPHONEOS_DEPLOYMENT_TARGET = 13.2;
				LD_RUNPATH_SEARCH_PATHS = (
					"$(inherited)",
					"@executable_path/Frameworks",
					"@loader_path/Frameworks",
				);
				PRODUCT_BUNDLE_IDENTIFIER = "com.example.mwehrle.Trip-PlannerTests";
				PRODUCT_NAME = "$(TARGET_NAME)";
				SWIFT_VERSION = 5.0;
				TARGETED_DEVICE_FAMILY = "1,2";
				TEST_HOST = "$(BUILT_PRODUCTS_DIR)/Trip Planner.app/Trip Planner";
			};
			name = Debug;
		};
		324D1BED2718742B00517B99 /* Release */ = {
			isa = XCBuildConfiguration;
			buildSettings = {
				ALWAYS_EMBED_SWIFT_STANDARD_LIBRARIES = YES;
				BUNDLE_LOADER = "$(TEST_HOST)";
				CODE_SIGN_STYLE = Automatic;
				INFOPLIST_FILE = "Trip PlannerTests/Info.plist";
				IPHONEOS_DEPLOYMENT_TARGET = 13.2;
				LD_RUNPATH_SEARCH_PATHS = (
					"$(inherited)",
					"@executable_path/Frameworks",
					"@loader_path/Frameworks",
				);
				PRODUCT_BUNDLE_IDENTIFIER = "com.example.mwehrle.Trip-PlannerTests";
				PRODUCT_NAME = "$(TARGET_NAME)";
				SWIFT_VERSION = 5.0;
				TARGETED_DEVICE_FAMILY = "1,2";
				TEST_HOST = "$(BUILT_PRODUCTS_DIR)/Trip Planner.app/Trip Planner";
			};
			name = Release;
		};
		324D1BEF2718742B00517B99 /* Debug */ = {
			isa = XCBuildConfiguration;
			buildSettings = {
				ALWAYS_EMBED_SWIFT_STANDARD_LIBRARIES = YES;
				CODE_SIGN_STYLE = Automatic;
				INFOPLIST_FILE = "Trip PlannerUITests/Info.plist";
				LD_RUNPATH_SEARCH_PATHS = (
					"$(inherited)",
					"@executable_path/Frameworks",
					"@loader_path/Frameworks",
				);
				PRODUCT_BUNDLE_IDENTIFIER = "com.example.mwehrle.Trip-PlannerUITests";
				PRODUCT_NAME = "$(TARGET_NAME)";
				SWIFT_VERSION = 5.0;
				TARGETED_DEVICE_FAMILY = "1,2";
				TEST_TARGET_NAME = "Trip Planner";
			};
			name = Debug;
		};
		324D1BF02718742B00517B99 /* Release */ = {
			isa = XCBuildConfiguration;
			buildSettings = {
				ALWAYS_EMBED_SWIFT_STANDARD_LIBRARIES = YES;
				CODE_SIGN_STYLE = Automatic;
				INFOPLIST_FILE = "Trip PlannerUITests/Info.plist";
				LD_RUNPATH_SEARCH_PATHS = (
					"$(inherited)",
					"@executable_path/Frameworks",
					"@loader_path/Frameworks",
				);
				PRODUCT_BUNDLE_IDENTIFIER = "com.example.mwehrle.Trip-PlannerUITests";
				PRODUCT_NAME = "$(TARGET_NAME)";
				SWIFT_VERSION = 5.0;
				TARGETED_DEVICE_FAMILY = "1,2";
				TEST_TARGET_NAME = "Trip Planner";
			};
			name = Release;
		};
/* End XCBuildConfiguration section */

/* Begin XCConfigurationList section */
		324D1BB9271873A300517B99 /* Build configuration list for PBXProject "Trip Planner" */ = {
			isa = XCConfigurationList;
			buildConfigurations = (
				324D1BE62718742B00517B99 /* Debug */,
				324D1BE72718742B00517B99 /* Release */,
			);
			defaultConfigurationIsVisible = 0;
			defaultConfigurationName = Release;
		};
		324D1BE82718742B00517B99 /* Build configuration list for PBXNativeTarget "Trip Planner" */ = {
			isa = XCConfigurationList;
			buildConfigurations = (
				324D1BE92718742B00517B99 /* Debug */,
				324D1BEA2718742B00517B99 /* Release */,
			);
			defaultConfigurationIsVisible = 0;
			defaultConfigurationName = Release;
		};
		324D1BEB2718742B00517B99 /* Build configuration list for PBXNativeTarget "Trip PlannerTests" */ = {
			isa = XCConfigurationList;
			buildConfigurations = (
				324D1BEC2718742B00517B99 /* Debug */,
				324D1BED2718742B00517B99 /* Release */,
			);
			defaultConfigurationIsVisible = 0;
			defaultConfigurationName = Release;
		};
		324D1BEE2718742B00517B99 /* Build configuration list for PBXNativeTarget "Trip PlannerUITests" */ = {
			isa = XCConfigurationList;
			buildConfigurations = (
				324D1BEF2718742B00517B99 /* Debug */,
				324D1BF02718742B00517B99 /* Release */,
			);
			defaultConfigurationIsVisible = 0;
			defaultConfigurationName = Release;
		};
/* End XCConfigurationList section */

/* Begin XCVersionGroup section */
		322FD8F22741DD35004B9CAE /* ActivitesData.xcdatamodeld */ = {
			isa = XCVersionGroup;
			children = (
				322FD8F32741DD36004B9CAE /* ActivitesData.xcdatamodel */,
			);
			currentVersion = 322FD8F32741DD36004B9CAE /* ActivitesData.xcdatamodel */;
			path = ActivitesData.xcdatamodeld;
			sourceTree = "<group>";
			versionGroupType = wrapper.xcdatamodel;
		};
/* End XCVersionGroup section */
	};
	rootObject = 324D1BB6271873A200517B99 /* Project object */;
}
